# This is a Gradle generated file for dependency locking.
# Manual edits can break the build and are not advised.
# This file is expected to be part of source control.
com.adarshr:gradle-test-logger-plugin:4.0.0=buildScriptClasspath
com.bnorm.power:kotlin-power-assert-plugin:0.13.0=buildScriptClasspath
com.diffplug.durian:durian-collect:1.2.0=buildScriptClasspath
com.diffplug.durian:durian-core:1.2.0=buildScriptClasspath
com.diffplug.durian:durian-io:1.2.0=buildScriptClasspath
com.diffplug.spotless:spotless-lib-extra:2.30.0=buildScriptClasspath
com.diffplug.spotless:spotless-lib:2.30.0=buildScriptClasspath
com.diffplug.spotless:spotless-plugin-gradle:6.11.0=buildScriptClasspath
com.googlecode.concurrent-trees:concurrent-trees:2.6.1=buildScriptClasspath
com.googlecode.javaewah:JavaEWAH:1.1.13=buildScriptClasspath
commons-io:commons-io:2.11.0=buildScriptClasspath
de.undercouch:gradle-download-task:4.1.2=buildScriptClasspath
gradle.plugin.com.github.johnrengelman:shadow:7.1.0=buildScriptClasspath
io.gitlab.arturbosch.detekt:detekt-gradle-plugin:1.23.5=buildScriptClasspath
org.apache.ant:ant-launcher:1.10.11=buildScriptClasspath
org.apache.ant:ant:1.10.11=buildScriptClasspath
org.apache.logging.log4j:log4j-api:2.17.1=buildScriptClasspath
org.apache.logging.log4j:log4j-core:2.17.1=buildScriptClasspath
org.codehaus.groovy:groovy-xml:3.0.10=buildScriptClasspath
org.codehaus.groovy:groovy:3.0.10=buildScriptClasspath
org.codehaus.plexus:plexus-utils:3.4.1=buildScriptClasspath
org.eclipse.jgit:org.eclipse.jgit:5.13.1.202206130422-r=buildScriptClasspath
org.fusesource.jansi:jansi:2.4.0=buildScriptClasspath
org.jdom:jdom2:2.0.6=buildScriptClasspath
org.jetbrains.intellij.deps:trove4j:1.0.20200330=buildScriptClasspath
org.jetbrains.kotlin:kotlin-build-tools-api:1.9.22=buildScriptClasspath
org.jetbrains.kotlin:kotlin-compiler-embeddable:1.9.22=buildScriptClasspath
org.jetbrains.kotlin:kotlin-compiler-runner:1.9.22=buildScriptClasspath
org.jetbrains.kotlin:kotlin-daemon-client:1.9.22=buildScriptClasspath
org.jetbrains.kotlin:kotlin-daemon-embeddable:1.9.22=buildScriptClasspath
org.jetbrains.kotlin:kotlin-gradle-plugin-annotations:1.9.22=buildScriptClasspath
org.jetbrains.kotlin:kotlin-gradle-plugin-api:1.9.22=buildScriptClasspath
org.jetbrains.kotlin:kotlin-gradle-plugin-idea-proto:1.9.22=buildScriptClasspath
org.jetbrains.kotlin:kotlin-gradle-plugin-idea:1.9.22=buildScriptClasspath
org.jetbrains.kotlin:kotlin-gradle-plugin-model:1.9.22=buildScriptClasspath
org.jetbrains.kotlin:kotlin-gradle-plugin:1.9.22=buildScriptClasspath
org.jetbrains.kotlin:kotlin-gradle-plugins-bom:1.9.22=buildScriptClasspath
org.jetbrains.kotlin:kotlin-klib-commonizer-api:1.9.22=buildScriptClasspath
org.jetbrains.kotlin:kotlin-native-utils:1.9.22=buildScriptClasspath
org.jetbrains.kotlin:kotlin-project-model:1.9.22=buildScriptClasspath
org.jetbrains.kotlin:kotlin-scripting-common:1.9.22=buildScriptClasspath
org.jetbrains.kotlin:kotlin-scripting-compiler-embeddable:1.9.22=buildScriptClasspath
org.jetbrains.kotlin:kotlin-scripting-compiler-impl-embeddable:1.9.22=buildScriptClasspath
org.jetbrains.kotlin:kotlin-scripting-jvm:1.9.22=buildScriptClasspath
org.jetbrains.kotlin:kotlin-stdlib-jdk7:1.8.20=buildScriptClasspath
org.jetbrains.kotlin:kotlin-stdlib-jdk8:1.8.20=buildScriptClasspath
org.jetbrains.kotlin:kotlin-stdlib:1.9.22=buildScriptClasspath
org.jetbrains.kotlin:kotlin-tooling-core:1.9.22=buildScriptClasspath
org.jetbrains.kotlin:kotlin-util-io:1.9.22=buildScriptClasspath
org.jetbrains.kotlin:kotlin-util-klib:1.9.22=buildScriptClasspath
org.jetbrains.kotlinx:kotlinx-coroutines-core-jvm:1.5.0=buildScriptClasspath
org.jetbrains.kotlinx:kover-gradle-plugin:0.7.6=buildScriptClasspath
org.jetbrains:annotations:13.0=buildScriptClasspath
org.ow2.asm:asm-analysis:9.2=buildScriptClasspath
org.ow2.asm:asm-commons:9.2=buildScriptClasspath
org.ow2.asm:asm-tree:9.2=buildScriptClasspath
org.ow2.asm:asm:9.2=buildScriptClasspath
org.slf4j:slf4j-api:1.7.30=buildScriptClasspath
org.vafer:jdependency:2.7.0=buildScriptClasspath
empty=annotationProcessor,intransitiveDependenciesMetadata,kotlinNativeCompilerPluginClasspath,kotlinScriptDef,kotlinScriptDefExtensions,testApiDependenciesMetadata,testIntransitiveDependenciesMetadata,testKotlinScriptDef,testKotlinScriptDefExtensions
